
Microsoft Visual Studio Solution File, Format Version 12.00
# Visual Studio Version 16
VisualStudioVersion = 16.0.30621.155
MinimumVisualStudioVersion = 10.0.40219.1
Project("{FAE04EC0-301F-11D3-BF4B-00C04F79EFBC}") = "DefaultConstructor", "DefaultConstructor\DefaultConstructor.csproj", "{DAACFCFF-D143-4792-807E-B078780F94B4}"
EndProject
Global
	GlobalSection(SolutionConfigurationPlatforms) = preSolution
		Debug|Any CPU = Debug|Any CPU
		Release|Any CPU = Release|Any CPU
	EndGlobalSection
	GlobalSection(ProjectConfigurationPlatforms) = postSolution
		{DAACFCFF-D143-4792-807E-B078780F94B4}.Debug|Any CPU.ActiveCfg = Debug|Any CPU
		{DAACFCFF-D143-4792-807E-B078780F94B4}.Debug|Any CPU.Build.0 = Debug|Any CPU
		{DAACFCFF-D143-4792-807E-B078780F94B4}.Release|Any CPU.ActiveCfg = Release|Any CPU
		{DAACFCFF-D143-4792-807E-B078780F94B4}.Release|Any CPU.Build.0 = Release|Any CPU
	EndGlobalSection
	GlobalSection(SolutionProperties) = preSolution
		HideSolutionNode = FALSE
	EndGlobalSection
	GlobalSection(ExtensibilityGlobals) = postSolution
		SolutionGuid = {3BEA01CC-973C-4D29-8932-0D0D18BCC96B}
	EndGlobalSection
EndGlobal
